<Project xmlns="http://schemas.microsoft.com/developer/msbuild/2003">
    <PropertyGroup>
        <ProjectGuid>{8B5BC586-6CF6-4D24-B607-FAE6D89AE487}</ProjectGuid>
        <ProjectVersion>19.2</ProjectVersion>
        <FrameworkType>VCL</FrameworkType>
        <MainSource>Configurator.dpr</MainSource>
        <Base>True</Base>
        <Config Condition="'$(Config)'==''">Debug</Config>
        <Platform Condition="'$(Platform)'==''">Win32</Platform>
        <TargetedPlatforms>1</TargetedPlatforms>
        <AppType>Application</AppType>
    </PropertyGroup>
    <PropertyGroup Condition="'$(Config)'=='Base' or '$(Base)'!=''">
        <Base>true</Base>
    </PropertyGroup>
    <PropertyGroup Condition="('$(Platform)'=='Win32' and '$(Base)'=='true') or '$(Base_Win32)'!=''">
        <Base_Win32>true</Base_Win32>
        <CfgParent>Base</CfgParent>
        <Base>true</Base>
    </PropertyGroup>
    <PropertyGroup Condition="'$(Config)'=='Debug' or '$(Cfg_1)'!=''">
        <Cfg_1>true</Cfg_1>
        <CfgParent>Base</CfgParent>
        <Base>true</Base>
    </PropertyGroup>
    <PropertyGroup Condition="('$(Platform)'=='Win32' and '$(Cfg_1)'=='true') or '$(Cfg_1_Win32)'!=''">
        <Cfg_1_Win32>true</Cfg_1_Win32>
        <CfgParent>Cfg_1</CfgParent>
        <Cfg_1>true</Cfg_1>
        <Base>true</Base>
    </PropertyGroup>
    <PropertyGroup Condition="'$(Config)'=='Release' or '$(Cfg_2)'!=''">
        <Cfg_2>true</Cfg_2>
        <CfgParent>Base</CfgParent>
        <Base>true</Base>
    </PropertyGroup>
    <PropertyGroup Condition="('$(Platform)'=='Win32' and '$(Cfg_2)'=='true') or '$(Cfg_2_Win32)'!=''">
        <Cfg_2_Win32>true</Cfg_2_Win32>
        <CfgParent>Cfg_2</CfgParent>
        <Cfg_2>true</Cfg_2>
        <Base>true</Base>
    </PropertyGroup>
    <PropertyGroup Condition="'$(Base)'!=''">
        <Manifest_File>None</Manifest_File>
        <VerInfo_Keys>CompanyName=;FileDescription=;FileVersion=0.1.0.0;InternalName=;LegalCopyright=;LegalTrademarks=;OriginalFilename=;ProductName=;ProductVersion=0.1.0.0;Comments=</VerInfo_Keys>
        <VerInfo_Locale>1049</VerInfo_Locale>
        <DCC_Namespace>System;Xml;Data;Datasnap;Web;Soap;Vcl;Vcl.Imaging;Vcl.Touch;Vcl.Samples;Vcl.Shell;$(DCC_Namespace)</DCC_Namespace>
        <Icon_MainIcon>$(BDS)\bin\delphi_PROJECTICON.ico</Icon_MainIcon>
        <DCC_UsePackage>DBXInterBaseDriver;DataSnapServer;DataSnapCommon;DbxCommonDriver;dbxcds;CustomIPTransport;dsnap;IndyCore;IPIndyImpl;bindcompfmx;dbrtl;bindcomp;inetdb;xmlrtl;ibxpress;bindengine;soaprtl;DBXInformixDriver;DBXFirebirdDriver;inet;DBXSybaseASADriver;dbexpress;fmx;IndySystem;DataSnapClient;DataSnapProviderClient;DBXOracleDriver;fmxase;inetdbxpress;rtl;DbxClientDriver;IndyProtocols;DBXMySQLDriver;fmxobj;fmxdae;DataSnapIndy10ServerTransport;$(DCC_UsePackage)</DCC_UsePackage>
        <DCC_DcuOutput>..\..\..\dcu</DCC_DcuOutput>
        <DCC_ExeOutput>..\..\..\bin</DCC_ExeOutput>
        <SanitizedProjectName>Configurator</SanitizedProjectName>
        <VerInfo_IncludeVerInfo>true</VerInfo_IncludeVerInfo>
        <VerInfo_MajorVer>0</VerInfo_MajorVer>
        <VerInfo_MinorVer>1</VerInfo_MinorVer>
    </PropertyGroup>
    <PropertyGroup Condition="'$(Base_Win32)'!=''">
        <DCC_UsePackage>fsADO16;cxPageControlD16;dxComnD16;dxPSCoreD16;frxBDE16;dcldxSkinsCoreD16;cxSpreadSheetD16;dxSkinLiquidSkyD16;dxSkinSilverD16;dxSkinHighContrastD16;fsIBX16;vclimg;fmi;dxSkinOffice2010SilverD16;dxSkinOffice2010BlackD16;vcldb;cxPivotGridChartD16;dxRibbonD16;cxVerticalGridD16;dxSkinLilianD16;dxThemeD16;dxSkinBlueD16;cxSchedulerGridD16;cxTreeListdxBarPopupMenuD16;dxSkinOffice2010BlueD16;dxGDIPlusD16;CloudService;dxPSdxDBTVLnkD16;FmxTeeUI;dxSkinTheAsphaltWorldD16;dxSkinSevenD16;cxTreeListD16;cxLibraryD16;dxPSdxDBOCLnkD16;dxPScxSchedulerLnkD16;dxSkinPumpkinD16;dxBarExtItemsD16;dxLayoutControlD16;dxDockingD16;vcldbx;dxSkinXmas2008BlueD16;dxSkinMcSkinD16;cxPivotGridD16;dxPSTeeChartD16;cxEditorsD16;dxPScxCommonD16;DBXOdbcDriver;dxPSLnksD16;madDisAsm_;dxBarExtDBItemsD16;dxSkinsCoreD16;dxmdsD16;fsBDE16;frxDB16;intrawebdb_120_160;fs16;FMXTee;vclactnband;bindcompvcl;dxSkinSummer2008D16;dxTabbedMDID16;vclie;madExcept_;dxPSdxLCLnkD16;dxSkinSharpPlusD16;dxSkinBlackD16;dclfrxTee16;dsnapcon;vclx;dxSkinsdxBarPainterD16;dxPScxTLLnkD16;cxSchedulerD16;dxSkinValentineD16;frxIBX16;dxSkinWhiteprintD16;cxPageControldxBarPopupMenuD16;dxSkinOffice2007SilverD16;dxPSdxFCLnkD16;cxBarEditItemD16;TeeDB;dxNavBarD16;dxSkinSpringTimeD16;frxTee16;Rave100VCL;vclib;inetdbbde;dxPSDBTeeChartD16;dxSkinOffice2007BlueD16;dxSkinsdxNavBarPainterD16;cxPivotGridOLAPD16;dxdbtrD16;dxSpellCheckerD16;DBXSybaseASEDriver;dxBarDBNavD16;dxSkinGlassOceansD16;dxSkinStardustD16;dxCoreD16;dxorgcD16;vcldsnap;dxSkinDarkSideD16;dxSkinscxPCPainterD16;dxPScxExtCommonD16;DBXDb2Driver;Intraweb_120_160;frxADO16;vclribbon;frxe16;dxdborD16;vcl;dxSkinscxSchedulerPainterD16;dxPSdxOCLnkD16;dxPScxSSLnkD16;DBXMSSQLDriver;dxSkinCoffeeD16;fsTee16;dxSkinDarkRoomD16;dxPScxVGridLnkD16;dxPScxPivotGridLnkD16;webdsnap;dxBarD16;dxtrmdD16;dxPScxPCProdD16;dxSkinDevExpressStyleD16;dxSkiniMaginaryD16;dxSkinOffice2007BlackD16;adortl;dxPScxGridLnkD16;madBasic_;dxSkinLondonLiquidSkyD16;frxDBX16;frx16;dxPsPrVwAdvD16;dxSkinOffice2007GreenD16;dxSkinSharpD16;Tee;dxSkinSevenClassicD16;svnui;dxSkinsdxDLPainterD16;dxPSPrVwRibbonD16;dxSkinBlueprintD16;TeeUI;dxSkinMoneyTwinsD16;dxSkinDevExpressDarkStyleD16;dxSkinCaramelD16;vcltouch;websnap;dxSkinFoggyD16;VclSmp;fsDB16;dxFlowChartD16;dxSkinsdxRibbonPainterD16;DataSnapConnectors;dxSkinVS2010D16;cxGridD16;dxSkinOffice2007PinkD16;svn;bdertl;VirtualTreesR;$(DCC_UsePackage)</DCC_UsePackage>
        <DCC_Namespace>Winapi;System.Win;Data.Win;Datasnap.Win;Web.Win;Soap.Win;Xml.Win;Bde;$(DCC_Namespace)</DCC_Namespace>
        <VerInfo_Locale>1033</VerInfo_Locale>
        <Manifest_File>$(BDS)\bin\default_app.manifest</Manifest_File>
        <AppEnableRuntimeThemes>true</AppEnableRuntimeThemes>
        <UWP_DelphiLogo44>$(BDS)\bin\Artwork\Windows\UWP\delphi_UwpDefault_44.png</UWP_DelphiLogo44>
        <UWP_DelphiLogo150>$(BDS)\bin\Artwork\Windows\UWP\delphi_UwpDefault_150.png</UWP_DelphiLogo150>
    </PropertyGroup>
    <PropertyGroup Condition="'$(Cfg_1)'!=''">
        <DCC_Define>DEBUG;$(DCC_Define)</DCC_Define>
        <DCC_DebugInfoInExe>true</DCC_DebugInfoInExe>
        <DCC_RemoteDebug>true</DCC_RemoteDebug>
    </PropertyGroup>
    <PropertyGroup Condition="'$(Cfg_1_Win32)'!=''">
        <Manifest_File>$(BDS)\bin\default_app.manifest</Manifest_File>
        <ILINK_FullDebugInfo>true</ILINK_FullDebugInfo>
        <BCC_DebugLineNumbers>true</BCC_DebugLineNumbers>
        <BCC_SourceDebuggingOn>true</BCC_SourceDebuggingOn>
        <Icon_MainIcon>Configurator.ico</Icon_MainIcon>
        <VerInfo_Locale>1033</VerInfo_Locale>
        <AppEnableRuntimeThemes>true</AppEnableRuntimeThemes>
        <BT_BuildType>Debug</BT_BuildType>
        <DCC_RemoteDebug>false</DCC_RemoteDebug>
        <DCC_Optimize>false</DCC_Optimize>
        <VerInfo_Keys>CompanyName=;FileDescription=;FileVersion=0.5.0.0;InternalName=;LegalCopyright=;LegalTrademarks=;OriginalFilename=;ProductName=;ProductVersion=0.5.0.0;Comments=</VerInfo_Keys>
        <DCC_ExeOutput>..\..\..\bin</DCC_ExeOutput>
        <DCC_DcuOutput>..\..\..\dcu</DCC_DcuOutput>
        <VerInfo_MinorVer>5</VerInfo_MinorVer>
        <DCC_DebugDCUs>true</DCC_DebugDCUs>
    </PropertyGroup>
    <PropertyGroup Condition="'$(Cfg_2)'!=''">
        <Manifest_File>None</Manifest_File>
        <VerInfo_Locale>1049</VerInfo_Locale>
        <DCC_LocalDebugSymbols>false</DCC_LocalDebugSymbols>
        <DCC_Define>RELEASE;$(DCC_Define)</DCC_Define>
        <DCC_SymbolReferenceInfo>0</DCC_SymbolReferenceInfo>
        <DCC_DebugInformation>0</DCC_DebugInformation>
    </PropertyGroup>
    <PropertyGroup Condition="'$(Cfg_2_Win32)'!=''">
        <AppEnableRuntimeThemes>true</AppEnableRuntimeThemes>
    </PropertyGroup>
    <ItemGroup>
        <DelphiCompile Include="$(MainSource)">
            <MainSource>MainSource</MainSource>
        </DelphiCompile>
        <DCCReference Include="..\..\Common\uConsts.pas"/>
        <DCCReference Include="..\..\Common\uUtils.pas"/>
        <DCCReference Include="..\..\Common\uJSON.pas"/>
        <DCCReference Include="..\..\Common\uFastClasses.pas"/>
        <DCCReference Include="..\..\Common\uTensor.pas"/>
        <DCCReference Include="..\..\Common\uTask.pas"/>
        <DCCReference Include="..\..\Common\uWebTask.pas"/>
        <DCCReference Include="..\..\Platform\uComplexObject.pas"/>
        <DCCReference Include="..\..\Platform\uSettings.pas"/>
        <DCCReference Include="..\..\Common\Scene\uChartData.pas"/>
        <DCCReference Include="..\..\Common\Scene\uChartUtils.pas"/>
        <DCCReference Include="..\..\Common\Scene\uSimpleChart.pas"/>
        <DCCReference Include="..\..\Platform\uPlatform.pas"/>
        <DCCReference Include="..\..\Platform\Configuration\uLocalizator.pas"/>
        <DCCReference Include="..\..\Platform\Configuration\uQueryDef.pas"/>
        <DCCReference Include="..\..\Platform\Configuration\uIcon.pas"/>
        <DCCReference Include="..\..\Platform\Configuration\uReaction.pas"/>
        <DCCReference Include="..\..\Platform\Configuration\uEnumeration.pas"/>
        <DCCReference Include="..\..\Platform\Configuration\uDefinition.pas"/>
        <DCCReference Include="..\..\Platform\Configuration\uConfiguration.pas"/>
        <DCCReference Include="..\..\Platform\Configuration\uCodeConfiguration.pas"/>
        <DCCReference Include="..\..\Platform\Domain\uScheduler.pas"/>
        <DCCReference Include="..\..\Platform\Domain\uTranslator.pas"/>
        <DCCReference Include="..\..\Platform\Domain\uQuery.pas"/>
        <DCCReference Include="..\..\Platform\Domain\uDomainUtils.pas"/>
        <DCCReference Include="..\..\Platform\Domain\uSimpleField.pas"/>
        <DCCReference Include="..\..\Platform\Domain\uObjectField.pas"/>
        <DCCReference Include="..\..\Platform\Domain\uSession.pas"/>
        <DCCReference Include="..\..\Platform\Domain\uChangeManager.pas"/>
        <DCCReference Include="..\..\Platform\Domain\uEntityList.pas"/>
        <DCCReference Include="..\..\Platform\Domain\uEntity.pas"/>
        <DCCReference Include="..\..\Platform\Domain\uCollection.pas"/>
        <DCCReference Include="..\..\Platform\Domain\uDomain.pas"/>
        <DCCReference Include="..\..\Modules\uModule.pas"/>
        <DCCReference Include="..\..\Platform\uLogger.pas"/>
        <DCCReference Include="..\..\Common\uCodeParser.pas"/>
        <DCCReference Include="..\..\Platform\uScriptExecutor.pas"/>
        <DCCReference Include="..\..\Platform\uScript.pas"/>
        <DCCReference Include="..\..\Modules\UI\uPresenter.pas"/>
        <DCCReference Include="..\..\Modules\UI\uView.pas"/>
        <DCCReference Include="..\..\Modules\UI\uUIBuilder.pas"/>
        <DCCReference Include="..\..\Modules\UI\uInteractor.pas"/>
        <DCCReference Include="..\..\Modules\UI\uLayout.pas"/>
        <DCCReference Include="..\..\Modules\Storage\uStorage.pas"/>
        <DCCReference Include="..\..\Modules\Storage\uParameters.pas"/>
        <DCCReference Include="..\..\Modules\Drawing\uDrawStyles.pas"/>
        <DCCReference Include="..\..\Modules\Drawing\uScene.pas"/>
        <DCCReference Include="..\..\Modules\Reporting\uReport.pas"/>
        <DCCReference Include="..\..\Modules\UI\WinVCL\uWinVCLPresenter.pas"/>
        <DCCReference Include="..\..\Modules\UI\WinVCL\uWinScene.pas"/>
        <DCCReference Include="..\..\Modules\UI\WinVCL\Editors\vclArea.pas"/>
        <DCCReference Include="..\..\Modules\UI\WinVCL\Editors\vclSimpleEditors.pas"/>
        <DCCReference Include="..\..\Modules\UI\WinVCL\Editors\vclEntityEditors.pas"/>
        <DCCReference Include="..\..\Modules\UI\WinVCL\Editors\vclListEditors.pas"/>
        <DCCReference Include="..\..\Modules\UI\WinVCL\Editors\vclBlobEditors.pas"/>
        <DCCReference Include="..\..\Modules\UI\WinVCL\Editors\vclPopupForm.pas"/>
        <DCCReference Include="..\..\Modules\UI\WinVCL\Forms\uManagedForm.pas"/>
        <DCCReference Include="..\..\Modules\UI\WinVCL\Forms\StartForm.pas">
            <Form>StartFm</Form>
        </DCCReference>
        <DCCReference Include="..\..\Modules\UI\WinVCL\Forms\LoginForm.pas">
            <Form>LoginFm</Form>
        </DCCReference>
        <DCCReference Include="..\..\Modules\UI\WinVCL\Forms\OptionsForm.pas">
            <Form>OptionsFm</Form>
        </DCCReference>
        <DCCReference Include="..\..\Modules\UI\WinVCL\Forms\TranslationEditForm.pas">
            <Form>TranslationEditFm</Form>
        </DCCReference>
        <DCCReference Include="..\..\Modules\UI\WinVCL\Forms\LangEditForm.pas">
            <Form>LangEditFm</Form>
        </DCCReference>
        <DCCReference Include="..\..\Modules\UI\WinVCL\Forms\AboutForm.pas">
            <Form>AboutFm</Form>
        </DCCReference>
        <DCCReference Include="..\..\Modules\UI\WinVCL\Forms\ReportConfigureForm.pas">
            <Form>ReportConfigureFm</Form>
        </DCCReference>
        <DCCReference Include="..\..\Modules\UI\WinVCL\Forms\DebugInfoForm.pas">
            <Form>DebugFm</Form>
        </DCCReference>
        <DCCReference Include="..\..\Modules\UI\WinVCL\Forms\SplashForm.pas">
            <Form>SplashFm</Form>
        </DCCReference>
        <DCCReference Include="..\..\Modules\UI\WinVCL\Forms\FloatForm.pas">
            <Form>FloatFm</Form>
        </DCCReference>
        <DCCReference Include="..\..\Modules\Storage\SQLite\uSQLite3.pas"/>
        <DCCReference Include="..\..\Modules\Storage\SQLite\uSQLiteStorage.pas"/>
        <DCCReference Include="..\..\Modules\Drawing\VCL\uVCLPainter.pas"/>
        <DCCReference Include="..\..\Modules\Reporting\FastReport\uFRReport.pas"/>
        <DCCReference Include="uConfiguratorScript.pas"/>
        <BuildConfiguration Include="Release">
            <Key>Cfg_2</Key>
            <CfgParent>Base</CfgParent>
        </BuildConfiguration>
        <BuildConfiguration Include="Base">
            <Key>Base</Key>
        </BuildConfiguration>
        <BuildConfiguration Include="Debug">
            <Key>Cfg_1</Key>
            <CfgParent>Base</CfgParent>
        </BuildConfiguration>
    </ItemGroup>
    <ProjectExtensions>
        <Borland.Personality>Delphi.Personality.12</Borland.Personality>
        <Borland.ProjectType/>
        <BorlandProject>
            <Delphi.Personality>
                <VersionInfo>
                    <VersionInfo Name="IncludeVerInfo">False</VersionInfo>
                    <VersionInfo Name="AutoIncBuild">False</VersionInfo>
                    <VersionInfo Name="MajorVer">1</VersionInfo>
                    <VersionInfo Name="MinorVer">0</VersionInfo>
                    <VersionInfo Name="Release">0</VersionInfo>
                    <VersionInfo Name="Build">0</VersionInfo>
                    <VersionInfo Name="Debug">False</VersionInfo>
                    <VersionInfo Name="PreRelease">False</VersionInfo>
                    <VersionInfo Name="Special">False</VersionInfo>
                    <VersionInfo Name="Private">False</VersionInfo>
                    <VersionInfo Name="DLL">False</VersionInfo>
                    <VersionInfo Name="Locale">1049</VersionInfo>
                    <VersionInfo Name="CodePage">1251</VersionInfo>
                </VersionInfo>
                <VersionInfoKeys>
                    <VersionInfoKeys Name="CompanyName"/>
                    <VersionInfoKeys Name="FileDescription"/>
                    <VersionInfoKeys Name="FileVersion">1.0.0.0</VersionInfoKeys>
                    <VersionInfoKeys Name="InternalName"/>
                    <VersionInfoKeys Name="LegalCopyright"/>
                    <VersionInfoKeys Name="LegalTrademarks"/>
                    <VersionInfoKeys Name="OriginalFilename"/>
                    <VersionInfoKeys Name="ProductName"/>
                    <VersionInfoKeys Name="ProductVersion">1.0.0.0</VersionInfoKeys>
                    <VersionInfoKeys Name="Comments"/>
                </VersionInfoKeys>
                <Excluded_Packages>
                    <Excluded_Packages Name="$(BDSBIN)\dcloffice2k250.bpl">Microsoft Office 2000 Sample Automation Server Wrapper Components</Excluded_Packages>
                    <Excluded_Packages Name="$(BDSBIN)\dclofficexp250.bpl">Microsoft Office XP Sample Automation Server Wrapper Components</Excluded_Packages>
                </Excluded_Packages>
                <Source>
                    <Source Name="MainSource">Configurator.dpr</Source>
                </Source>
            </Delphi.Personality>
            <Deployment Version="3">
                <DeployFile LocalName="..\..\..\bin\Configurator.exe" Configuration="Debug" Class="ProjectOutput">
                    <Platform Name="Win32">
                        <RemoteName>Configurator.exe</RemoteName>
                        <Overwrite>true</Overwrite>
                    </Platform>
                </DeployFile>
                <DeployClass Name="AdditionalDebugSymbols">
                    <Platform Name="iOSSimulator">
                        <Operation>1</Operation>
                    </Platform>
                    <Platform Name="OSX32">
                        <RemoteDir>Contents\MacOS</RemoteDir>
                        <Operation>1</Operation>
                    </Platform>
                    <Platform Name="Win32">
                        <RemoteDir>Contents\MacOS</RemoteDir>
                        <Operation>0</Operation>
                    </Platform>
                </DeployClass>
                <DeployClass Name="AndroidClassesDexFile">
                    <Platform Name="Android">
                        <RemoteDir>classes</RemoteDir>
                        <Operation>1</Operation>
                    </Platform>
                </DeployClass>
                <DeployClass Name="AndroidGDBServer">
                    <Platform Name="Android">
                        <RemoteDir>library\lib\armeabi-v7a</RemoteDir>
                        <Operation>1</Operation>
                    </Platform>
                </DeployClass>
                <DeployClass Name="AndroidLibnativeArmeabiFile">
                    <Platform Name="Android">
                        <RemoteDir>library\lib\armeabi</RemoteDir>
                        <Operation>1</Operation>
                    </Platform>
                </DeployClass>
                <DeployClass Name="AndroidLibnativeMipsFile">
                    <Platform Name="Android">
                        <RemoteDir>library\lib\mips</RemoteDir>
                        <Operation>1</Operation>
                    </Platform>
                </DeployClass>
                <DeployClass Name="AndroidServiceOutput">
                    <Platform Name="Android">
                        <RemoteDir>library\lib\armeabi-v7a</RemoteDir>
                        <Operation>1</Operation>
                    </Platform>
                </DeployClass>
                <DeployClass Name="AndroidSplashImageDef">
                    <Platform Name="Android">
                        <RemoteDir>res\drawable</RemoteDir>
                        <Operation>1</Operation>
                    </Platform>
                </DeployClass>
                <DeployClass Name="AndroidSplashStyles">
                    <Platform Name="Android">
                        <RemoteDir>res\values</RemoteDir>
                        <Operation>1</Operation>
                    </Platform>
                </DeployClass>
                <DeployClass Name="Android_DefaultAppIcon">
                    <Platform Name="Android">
                        <RemoteDir>res\drawable</RemoteDir>
                        <Operation>1</Operation>
                    </Platform>
                </DeployClass>
                <DeployClass Name="Android_LauncherIcon144">
                    <Platform Name="Android">
                        <RemoteDir>res\drawable-xxhdpi</RemoteDir>
                        <Operation>1</Operation>
                    </Platform>
                </DeployClass>
                <DeployClass Name="Android_LauncherIcon36">
                    <Platform Name="Android">
                        <RemoteDir>res\drawable-ldpi</RemoteDir>
                        <Operation>1</Operation>
                    </Platform>
                </DeployClass>
                <DeployClass Name="Android_LauncherIcon48">
                    <Platform Name="Android">
                        <RemoteDir>res\drawable-mdpi</RemoteDir>
                        <Operation>1</Operation>
                    </Platform>
                </DeployClass>
                <DeployClass Name="Android_LauncherIcon72">
                    <Platform Name="Android">
                        <RemoteDir>res\drawable-hdpi</RemoteDir>
                        <Operation>1</Operation>
                    </Platform>
                </DeployClass>
                <DeployClass Name="Android_LauncherIcon96">
                    <Platform Name="Android">
                        <RemoteDir>res\drawable-xhdpi</RemoteDir>
                        <Operation>1</Operation>
                    </Platform>
                </DeployClass>
                <DeployClass Name="Android_SplashImage426">
                    <Platform Name="Android">
                        <RemoteDir>res\drawable-small</RemoteDir>
                        <Operation>1</Operation>
                    </Platform>
                </DeployClass>
                <DeployClass Name="Android_SplashImage470">
                    <Platform Name="Android">
                        <RemoteDir>res\drawable-normal</RemoteDir>
                        <Operation>1</Operation>
                    </Platform>
                </DeployClass>
                <DeployClass Name="Android_SplashImage640">
                    <Platform Name="Android">
                        <RemoteDir>res\drawable-large</RemoteDir>
                        <Operation>1</Operation>
                    </Platform>
                </DeployClass>
                <DeployClass Name="Android_SplashImage960">
                    <Platform Name="Android">
                        <RemoteDir>res\drawable-xlarge</RemoteDir>
                        <Operation>1</Operation>
                    </Platform>
                </DeployClass>
                <DeployClass Name="DebugSymbols">
                    <Platform Name="iOSSimulator">
                        <Operation>1</Operation>
                    </Platform>
                    <Platform Name="OSX32">
                        <RemoteDir>Contents\MacOS</RemoteDir>
                        <Operation>1</Operation>
                    </Platform>
                    <Platform Name="Win32">
                        <Operation>0</Operation>
                    </Platform>
                </DeployClass>
                <DeployClass Name="DependencyFramework">
                    <Platform Name="OSX32">
                        <RemoteDir>Contents\MacOS</RemoteDir>
                        <Operation>1</Operation>
                        <Extensions>.framework</Extensions>
                    </Platform>
                    <Platform Name="Win32">
                        <Operation>0</Operation>
                    </Platform>
                </DeployClass>
                <DeployClass Name="DependencyModule">
                    <Platform Name="iOSDevice32">
                        <Operation>1</Operation>
                        <Extensions>.dylib</Extensions>
                    </Platform>
                    <Platform Name="iOSDevice64">
                        <Operation>1</Operation>
                        <Extensions>.dylib</Extensions>
                    </Platform>
                    <Platform Name="iOSSimulator">
                        <Operation>1</Operation>
                        <Extensions>.dylib</Extensions>
                    </Platform>
                    <Platform Name="OSX32">
                        <RemoteDir>Contents\MacOS</RemoteDir>
                        <Operation>1</Operation>
                        <Extensions>.dylib</Extensions>
                    </Platform>
                    <Platform Name="Win32">
                        <Operation>0</Operation>
                        <Extensions>.dll;.bpl</Extensions>
                    </Platform>
                </DeployClass>
                <DeployClass Required="true" Name="DependencyPackage">
                    <Platform Name="iOSDevice32">
                        <Operation>1</Operation>
                        <Extensions>.dylib</Extensions>
                    </Platform>
                    <Platform Name="iOSDevice64">
                        <Operation>1</Operation>
                        <Extensions>.dylib</Extensions>
                    </Platform>
                    <Platform Name="iOSSimulator">
                        <Operation>1</Operation>
                        <Extensions>.dylib</Extensions>
                    </Platform>
                    <Platform Name="OSX32">
                        <RemoteDir>Contents\MacOS</RemoteDir>
                        <Operation>1</Operation>
                        <Extensions>.dylib</Extensions>
                    </Platform>
                    <Platform Name="Win32">
                        <Operation>0</Operation>
                        <Extensions>.bpl</Extensions>
                    </Platform>
                </DeployClass>
                <DeployClass Name="File">
                    <Platform Name="Android">
                        <Operation>0</Operation>
                    </Platform>
                    <Platform Name="iOSDevice32">
                        <Operation>0</Operation>
                    </Platform>
                    <Platform Name="iOSDevice64">
                        <Operation>0</Operation>
                    </Platform>
                    <Platform Name="iOSSimulator">
                        <Operation>0</Operation>
                    </Platform>
                    <Platform Name="OSX32">
                        <RemoteDir>Contents\Resources\StartUp\</RemoteDir>
                        <Operation>0</Operation>
                    </Platform>
                    <Platform Name="Win32">
                        <Operation>0</Operation>
                    </Platform>
                </DeployClass>
                <DeployClass Name="iPad_Launch1024">
                    <Platform Name="iOSDevice32">
                        <Operation>1</Operation>
                    </Platform>
                    <Platform Name="iOSDevice64">
                        <Operation>1</Operation>
                    </Platform>
                    <Platform Name="iOSSimulator">
                        <Operation>1</Operation>
                    </Platform>
                </DeployClass>
                <DeployClass Name="iPad_Launch1536">
                    <Platform Name="iOSDevice32">
                        <Operation>1</Operation>
                    </Platform>
                    <Platform Name="iOSDevice64">
                        <Operation>1</Operation>
                    </Platform>
                    <Platform Name="iOSSimulator">
                        <Operation>1</Operation>
                    </Platform>
                </DeployClass>
                <DeployClass Name="iPad_Launch2048">
                    <Platform Name="iOSDevice32">
                        <Operation>1</Operation>
                    </Platform>
                    <Platform Name="iOSDevice64">
                        <Operation>1</Operation>
                    </Platform>
                    <Platform Name="iOSSimulator">
                        <Operation>1</Operation>
                    </Platform>
                </DeployClass>
                <DeployClass Name="iPad_Launch768">
                    <Platform Name="iOSDevice32">
                        <Operation>1</Operation>
                    </Platform>
                    <Platform Name="iOSDevice64">
                        <Operation>1</Operation>
                    </Platform>
                    <Platform Name="iOSSimulator">
                        <Operation>1</Operation>
                    </Platform>
                </DeployClass>
                <DeployClass Name="iPhone_Launch320">
                    <Platform Name="iOSDevice32">
                        <Operation>1</Operation>
                    </Platform>
                    <Platform Name="iOSDevice64">
                        <Operation>1</Operation>
                    </Platform>
                    <Platform Name="iOSSimulator">
                        <Operation>1</Operation>
                    </Platform>
                </DeployClass>
                <DeployClass Name="iPhone_Launch640">
                    <Platform Name="iOSDevice32">
                        <Operation>1</Operation>
                    </Platform>
                    <Platform Name="iOSDevice64">
                        <Operation>1</Operation>
                    </Platform>
                    <Platform Name="iOSSimulator">
                        <Operation>1</Operation>
                    </Platform>
                </DeployClass>
                <DeployClass Name="iPhone_Launch640x1136">
                    <Platform Name="iOSDevice32">
                        <Operation>1</Operation>
                    </Platform>
                    <Platform Name="iOSDevice64">
                        <Operation>1</Operation>
                    </Platform>
                    <Platform Name="iOSSimulator">
                        <Operation>1</Operation>
                    </Platform>
                </DeployClass>
                <DeployClass Name="ProjectAndroidManifest">
                    <Platform Name="Android">
                        <Operation>1</Operation>
                    </Platform>
                </DeployClass>
                <DeployClass Name="ProjectiOSDeviceDebug">
                    <Platform Name="iOSDevice32">
                        <RemoteDir>..\$(PROJECTNAME).app.dSYM\Contents\Resources\DWARF</RemoteDir>
                        <Operation>1</Operation>
                    </Platform>
                    <Platform Name="iOSDevice64">
                        <RemoteDir>..\$(PROJECTNAME).app.dSYM\Contents\Resources\DWARF</RemoteDir>
                        <Operation>1</Operation>
                    </Platform>
                </DeployClass>
                <DeployClass Name="ProjectiOSDeviceResourceRules">
                    <Platform Name="iOSDevice32">
                        <Operation>1</Operation>
                    </Platform>
                    <Platform Name="iOSDevice64">
                        <Operation>1</Operation>
                    </Platform>
                </DeployClass>
                <DeployClass Name="ProjectiOSEntitlements">
                    <Platform Name="iOSDevice32">
                        <RemoteDir>..\</RemoteDir>
                        <Operation>1</Operation>
                    </Platform>
                    <Platform Name="iOSDevice64">
                        <RemoteDir>..\</RemoteDir>
                        <Operation>1</Operation>
                    </Platform>
                </DeployClass>
                <DeployClass Name="ProjectiOSInfoPList">
                    <Platform Name="iOSDevice32">
                        <Operation>1</Operation>
                    </Platform>
                    <Platform Name="iOSDevice64">
                        <Operation>1</Operation>
                    </Platform>
                    <Platform Name="iOSSimulator">
                        <Operation>1</Operation>
                    </Platform>
                </DeployClass>
                <DeployClass Name="ProjectiOSResource">
                    <Platform Name="iOSDevice32">
                        <Operation>1</Operation>
                    </Platform>
                    <Platform Name="iOSDevice64">
                        <Operation>1</Operation>
                    </Platform>
                    <Platform Name="iOSSimulator">
                        <Operation>1</Operation>
                    </Platform>
                </DeployClass>
                <DeployClass Name="ProjectOSXEntitlements">
                    <Platform Name="OSX32">
                        <RemoteDir>..\</RemoteDir>
                        <Operation>1</Operation>
                    </Platform>
                </DeployClass>
                <DeployClass Name="ProjectOSXInfoPList">
                    <Platform Name="OSX32">
                        <RemoteDir>Contents</RemoteDir>
                        <Operation>1</Operation>
                    </Platform>
                </DeployClass>
                <DeployClass Name="ProjectOSXResource">
                    <Platform Name="OSX32">
                        <RemoteDir>Contents\Resources</RemoteDir>
                        <Operation>1</Operation>
                    </Platform>
                </DeployClass>
                <DeployClass Required="true" Name="ProjectOutput">
                    <Platform Name="Android">
                        <RemoteDir>library\lib\armeabi-v7a</RemoteDir>
                        <Operation>1</Operation>
                    </Platform>
                    <Platform Name="iOSDevice32">
                        <Operation>1</Operation>
                    </Platform>
                    <Platform Name="iOSDevice64">
                        <Operation>1</Operation>
                    </Platform>
                    <Platform Name="iOSSimulator">
                        <Operation>1</Operation>
                    </Platform>
                    <Platform Name="Linux64">
                        <Operation>1</Operation>
                    </Platform>
                    <Platform Name="OSX32">
                        <RemoteDir>Contents\MacOS</RemoteDir>
                        <Operation>1</Operation>
                    </Platform>
                    <Platform Name="Win32">
                        <Operation>0</Operation>
                    </Platform>
                </DeployClass>
                <DeployClass Name="ProjectUWPManifest">
                    <Platform Name="Win32">
                        <Operation>1</Operation>
                    </Platform>
                    <Platform Name="Win64">
                        <Operation>1</Operation>
                    </Platform>
                </DeployClass>
                <DeployClass Name="UWP_DelphiLogo150">
                    <Platform Name="Win32">
                        <RemoteDir>Assets</RemoteDir>
                        <Operation>1</Operation>
                    </Platform>
                    <Platform Name="Win64">
                        <RemoteDir>Assets</RemoteDir>
                        <Operation>1</Operation>
                    </Platform>
                </DeployClass>
                <DeployClass Name="UWP_DelphiLogo44">
                    <Platform Name="Win32">
                        <RemoteDir>Assets</RemoteDir>
                        <Operation>1</Operation>
                    </Platform>
                    <Platform Name="Win64">
                        <RemoteDir>Assets</RemoteDir>
                        <Operation>1</Operation>
                    </Platform>
                </DeployClass>
                <ProjectRoot Platform="iOSDevice64" Name="$(PROJECTNAME).app"/>
                <ProjectRoot Platform="Win64" Name="$(PROJECTNAME)"/>
                <ProjectRoot Platform="iOSDevice32" Name="$(PROJECTNAME).app"/>
                <ProjectRoot Platform="Linux64" Name="$(PROJECTNAME)"/>
                <ProjectRoot Platform="Win32" Name="$(PROJECTNAME)"/>
                <ProjectRoot Platform="OSX32" Name="$(PROJECTNAME).app"/>
                <ProjectRoot Platform="Android" Name="$(PROJECTNAME)"/>
                <ProjectRoot Platform="iOSSimulator" Name="$(PROJECTNAME).app"/>
            </Deployment>
            <Platforms>
                <Platform value="Win32">True</Platform>
            </Platforms>
        </BorlandProject>
        <ProjectFileVersion>12</ProjectFileVersion>
    </ProjectExtensions>
    <Import Condition="Exists('$(BDS)\Bin\CodeGear.Delphi.Targets')" Project="$(BDS)\Bin\CodeGear.Delphi.Targets"/>
    <Import Condition="Exists('$(APPDATA)\Embarcadero\$(BDSAPPDATABASEDIR)\$(PRODUCTVERSION)\UserTools.proj')" Project="$(APPDATA)\Embarcadero\$(BDSAPPDATABASEDIR)\$(PRODUCTVERSION)\UserTools.proj"/>
    <Import Project="$(MSBuildProjectName).deployproj" Condition="Exists('$(MSBuildProjectName).deployproj')"/>
</Project>
